version = 1
requires-python = ">=3.13"

[[package]]
name = "concurrent-log-handler"
version = "0.9.25"
source = { registry = "https://pypi.org/simple" }
dependencies = [
    { name = "portalocker" },
]
sdist = { url = "https://files.pythonhosted.org/packages/e0/e4/6a7a56049c06b3f878cc427118b6b8e46a7c2926828da9864198430d4020/concurrent_log_handler-0.9.25.tar.gz", hash = "sha256:1e2c6f021414e214d3dac66107894827a3e78db63018304a4f29e55ba549ac22", size = 27658 }
wheels = [
    { url = "https://files.pythonhosted.org/packages/2e/44/33e92943e47067c34c098cddd6b3114a7aae2e684a5e5081a2bf63c12a7b/concurrent_log_handler-0.9.25-py3-none-any.whl", hash = "sha256:157bee12914aa2a72246d1d0641ce07c1aa7a55faa3322bed02f21e60395eb82", size = 25235 },
]

[[package]]
name = "portalocker"
version = "3.1.1"
source = { registry = "https://pypi.org/simple" }
dependencies = [
    { name = "pywin32", marker = "sys_platform == 'win32'" },
]
sdist = { url = "https://files.pythonhosted.org/packages/ac/91/8bfe23e1f7f630f2061ef38b5225d9fda9068d6a30fcbc187951e678e630/portalocker-3.1.1.tar.gz", hash = "sha256:ec20f6dda2ad9ce89fa399a5f31f4f1495f515958f0cb7ca6543cef7bb5a749e", size = 43708 }
wheels = [
    { url = "https://files.pythonhosted.org/packages/f7/60/1974cfdd5bb770568ddc6f89f3e0df4cfdd1acffd5a609dff5e95f48c6e2/portalocker-3.1.1-py3-none-any.whl", hash = "sha256:80e984e24de292ff258a5bea0e4f3f778fff84c0ae1275dbaebc4658de4aacb3", size = 19661 },
]

[[package]]
name = "python-dateutil"
version = "2.9.0.post0"
source = { registry = "https://pypi.org/simple" }
dependencies = [
    { name = "six" },
]
sdist = { url = "https://files.pythonhosted.org/packages/66/c0/0c8b6ad9f17a802ee498c46e004a0eb49bc148f2fd230864601a86dcf6db/python-dateutil-2.9.0.post0.tar.gz", hash = "sha256:37dd54208da7e1cd875388217d5e00ebd4179249f90fb72437e91a35459a0ad3", size = 342432 }
wheels = [
    { url = "https://files.pythonhosted.org/packages/ec/57/56b9bcc3c9c6a792fcbaf139543cee77261f3651ca9da0c93f5c1221264b/python_dateutil-2.9.0.post0-py2.py3-none-any.whl", hash = "sha256:a8b2bc7bffae282281c8140a97d3aa9c14da0b136dfe83f850eea9a5f7470427", size = 229892 },
]

[[package]]
name = "pywin32"
version = "308"
source = { registry = "https://pypi.org/simple" }
wheels = [
    { url = "https://files.pythonhosted.org/packages/a9/a4/aa562d8935e3df5e49c161b427a3a2efad2ed4e9cf81c3de636f1fdddfd0/pywin32-308-cp313-cp313-win32.whl", hash = "sha256:1c44539a37a5b7b21d02ab34e6a4d314e0788f1690d65b48e9b0b89f31abbbed", size = 5938579 },
    { url = "https://files.pythonhosted.org/packages/c7/50/b0efb8bb66210da67a53ab95fd7a98826a97ee21f1d22949863e6d588b22/pywin32-308-cp313-cp313-win_amd64.whl", hash = "sha256:fd380990e792eaf6827fcb7e187b2b4b1cede0585e3d0c9e84201ec27b9905e4", size = 6542056 },
    { url = "https://files.pythonhosted.org/packages/26/df/2b63e3e4f2df0224f8aaf6d131f54fe4e8c96400eb9df563e2aae2e1a1f9/pywin32-308-cp313-cp313-win_arm64.whl", hash = "sha256:ef313c46d4c18dfb82a2431e3051ac8f112ccee1a34f29c263c583c568db63cd", size = 7974986 },
]

[[package]]
name = "six"
version = "1.17.0"
source = { registry = "https://pypi.org/simple" }
sdist = { url = "https://files.pythonhosted.org/packages/94/e7/b2c673351809dca68a0e064b6af791aa332cf192da575fd474ed7d6f16a2/six-1.17.0.tar.gz", hash = "sha256:ff70335d468e7eb6ec65b95b99d3a2836546063f63acc5171de367e834932a81", size = 34031 }
wheels = [
    { url = "https://files.pythonhosted.org/packages/b7/ce/149a00dd41f10bc29e5921b496af8b574d8413afcd5e30dfa0ed46c2cc5e/six-1.17.0-py2.py3-none-any.whl", hash = "sha256:4721f391ed90541fddacab5acf947aa0d3dc7d27b2e1e8eda2be8970586c3274", size = 11050 },
]

[[package]]
name = "things-collector"
version = "0.1.0"
source = { virtual = "." }
dependencies = [
    { name = "concurrent-log-handler" },
    { name = "python-dateutil" },
]

[package.metadata]
requires-dist = [
    { name = "concurrent-log-handler", specifier = ">=0.9.25" },
    { name = "python-dateutil", specifier = ">=2.9.0.post0" },
]
